
Microsoft Visual Studio Solution File, Format Version 12.00
# Visual Studio 15
VisualStudioVersion = 15.0.26730.16
MinimumVisualStudioVersion = 10.0.40219.1
Project("{FAE04EC0-301F-11D3-BF4B-00C04F79EFBC}") = "bubble sort console", "bubble sort console\bubble sort console.csproj", "{B74E5BCE-0EED-455E-9919-D2F0AF88A96A}"
EndProject
Global
	GlobalSection(SolutionConfigurationPlatforms) = preSolution
		Debug|Any CPU = Debug|Any CPU
		Release|Any CPU = Release|Any CPU
	EndGlobalSection
	GlobalSection(ProjectConfigurationPlatforms) = postSolution
		{B74E5BCE-0EED-455E-9919-D2F0AF88A96A}.Debug|Any CPU.ActiveCfg = Debug|Any CPU
		{B74E5BCE-0EED-455E-9919-D2F0AF88A96A}.Debug|Any CPU.Build.0 = Debug|Any CPU
		{B74E5BCE-0EED-455E-9919-D2F0AF88A96A}.Release|Any CPU.ActiveCfg = Release|Any CPU
		{B74E5BCE-0EED-455E-9919-D2F0AF88A96A}.Release|Any CPU.Build.0 = Release|Any CPU
	EndGlobalSection
	GlobalSection(SolutionProperties) = preSolution
		HideSolutionNode = FALSE
	EndGlobalSection
	GlobalSection(ExtensibilityGlobals) = postSolution
		SolutionGuid = {1F502765-9DD9-4C1A-B4CE-D8BA30636827}
	EndGlobalSection
EndGlobal
