
Microsoft Visual Studio Solution File, Format Version 12.00
# Visual Studio 15
VisualStudioVersion = 15.0.26730.16
MinimumVisualStudioVersion = 10.0.40219.1
Project("{FAE04EC0-301F-11D3-BF4B-00C04F79EFBC}") = "ConsoleApp1", "ConsoleApp1\ConsoleApp1.csproj", "{C3904C4B-EB30-4197-BAD1-93DAA88F649F}"
EndProject
Global
	GlobalSection(SolutionConfigurationPlatforms) = preSolution
		Debug|Any CPU = Debug|Any CPU
		Release|Any CPU = Release|Any CPU
	EndGlobalSection
	GlobalSection(ProjectConfigurationPlatforms) = postSolution
		{C3904C4B-EB30-4197-BAD1-93DAA88F649F}.Debug|Any CPU.ActiveCfg = Debug|Any CPU
		{C3904C4B-EB30-4197-BAD1-93DAA88F649F}.Debug|Any CPU.Build.0 = Debug|Any CPU
		{C3904C4B-EB30-4197-BAD1-93DAA88F649F}.Release|Any CPU.ActiveCfg = Release|Any CPU
		{C3904C4B-EB30-4197-BAD1-93DAA88F649F}.Release|Any CPU.Build.0 = Release|Any CPU
	EndGlobalSection
	GlobalSection(SolutionProperties) = preSolution
		HideSolutionNode = FALSE
	EndGlobalSection
	GlobalSection(ExtensibilityGlobals) = postSolution
		SolutionGuid = {9AFC4D08-059C-47B6-BCAD-7834ECA26BE4}
	EndGlobalSection
EndGlobal
